{
  "version": 4,
  "terraform_version": "1.9.3",
  "serial": 12,
  "lineage": "02726354-bc15-cc86-9cd1-42ed876c7b43",
  "outputs": {},
  "resources": [
    {
      "module": "module.log_parsing_rules",
      "mode": "managed",
      "type": "newrelic_log_parsing_rule",
      "name": "log_parser",
      "provider": "provider[\"registry.terraform.io/newrelic/newrelic\"]",
      "instances": [
        {
          "index_key": "new-relic-test",
          "schema_version": 0,
          "attributes": {
            "account_id": 4438262,
            "attribute": "message",
            "deleted": null,
            "enabled": true,
            "grok": "sampleattribute='%{NUMBER:test:int}'",
            "id": "56273",
            "lucene": "logtype:linux_messages",
            "matched": null,
            "name": "New Relic Test Log Parsing Rule",
            "nrql": "SELECT * FROM Log WHERE logtype = 'linux_messages'"
          },
          "sensitive_attributes": [],
          "private": "bnVsbA==",
          "dependencies": [
            "module.log_parsing_rules.data.newrelic_test_grok_pattern.grok"
          ]
        },
        {
          "index_key": "parse-status-check",
          "schema_version": 0,
          "attributes": {
            "account_id": 4438262,
            "attribute": "message",
            "deleted": false,
            "enabled": false,
            "grok": "monitorName=%{DATA:monitorName} region=%{WORD:region} message=.*?(?\u003cfetchedUrl\u003ehttps://\\S+)?",
            "id": "56272",
            "lucene": "newrelic.source:api.logs",
            "matched": null,
            "name": "Parse New Relic Status Logs",
            "nrql": "SELECT * FROM Log WHERE newrelic.source = 'api.logs'"
          },
          "sensitive_attributes": [],
          "private": "bnVsbA==",
          "dependencies": [
            "module.log_parsing_rules.data.newrelic_test_grok_pattern.grok"
          ]
        }
      ]
    }
  ],
  "check_results": null
}
